// !$*UTF8*$!
{
	archiveVersion = 1;
	classes = {
	};
	objectVersion = 46;
	objects = {

/* Begin PBXBuildFile section */
		AAF7B07D1BD83A1A00E9B12A /* AppDelegate.swift in Sources */ = {isa = PBXBuildFile; fileRef = AAF7B07C1BD83A1A00E9B12A /* AppDelegate.swift */; };
		AAF7B07F1BD83A1A00E9B12A /* ViewController.swift in Sources */ = {isa = PBXBuildFile; fileRef = AAF7B07E1BD83A1A00E9B12A /* ViewController.swift */; };
		AAF7B0821BD83A1A00E9B12A /* Main.storyboard in Resources */ = {isa = PBXBuildFile; fileRef = AAF7B0801BD83A1A00E9B12A /* Main.storyboard */; };
		AAF7B0841BD83A1A00E9B12A /* Assets.xcassets in Resources */ = {isa = PBXBuildFile; fileRef = AAF7B0831BD83A1A00E9B12A /* Assets.xcassets */; };
		AAF7B0871BD83A1A00E9B12A /* LaunchScreen.storyboard in Resources */ = {isa = PBXBuildFile; fileRef = AAF7B0851BD83A1A00E9B12A /* LaunchScreen.storyboard */; };
		AAF7B08F1BD83A7900E9B12A /* H2.swift in Sources */ = {isa = PBXBuildFile; fileRef = AAF7B08E1BD83A7900E9B12A /* H2.swift */; settings = {ASSET_TAGS = (); }; };
		AAF7B0911BD8430500E9B12A /* UDP.swift in Sources */ = {isa = PBXBuildFile; fileRef = AAF7B0901BD8430500E9B12A /* UDP.swift */; settings = {ASSET_TAGS = (); }; };
/* End PBXBuildFile section */

/* Begin PBXFileReference section */
		AAF7B0791BD83A1A00E9B12A /* H2Experiments.app */ = {isa = PBXFileReference; explicitFileType = wrapper.application; includeInIndex = 0; path = H2Experiments.app; sourceTree = BUILT_PRODUCTS_DIR; };
		AAF7B07C1BD83A1A00E9B12A /* AppDelegate.swift */ = {isa = PBXFileReference; lastKnownFileType = sourcecode.swift; path = AppDelegate.swift; sourceTree = "<group>"; };
		AAF7B07E1BD83A1A00E9B12A /* ViewController.swift */ = {isa = PBXFileReference; lastKnownFileType = sourcecode.swift; path = ViewController.swift; sourceTree = "<group>"; };
		AAF7B0811BD83A1A00E9B12A /* Base */ = {isa = PBXFileReference; lastKnownFileType = file.storyboard; name = Base; path = Base.lproj/Main.storyboard; sourceTree = "<group>"; };
		AAF7B0831BD83A1A00E9B12A /* Assets.xcassets */ = {isa = PBXFileReference; lastKnownFileType = folder.assetcatalog; path = Assets.xcassets; sourceTree = "<group>"; };
		AAF7B0861BD83A1A00E9B12A /* Base */ = {isa = PBXFileReference; lastKnownFileType = file.storyboard; name = Base; path = Base.lproj/LaunchScreen.storyboard; sourceTree = "<group>"; };
		AAF7B0881BD83A1A00E9B12A /* Info.plist */ = {isa = PBXFileReference; lastKnownFileType = text.plist.xml; path = Info.plist; sourceTree = "<group>"; };
		AAF7B08E1BD83A7900E9B12A /* H2.swift */ = {isa = PBXFileReference; fileEncoding = 4; lastKnownFileType = sourcecode.swift; path = H2.swift; sourceTree = "<group>"; };
		AAF7B0901BD8430500E9B12A /* UDP.swift */ = {isa = PBXFileReference; fileEncoding = 4; lastKnownFileType = sourcecode.swift; path = UDP.swift; sourceTree = "<group>"; };
/* End PBXFileReference section */

/* Begin PBXFrameworksBuildPhase section */
		AAF7B0761BD83A1A00E9B12A /* Frameworks */ = {
			isa = PBXFrameworksBuildPhase;
			buildActionMask = 2147483647;
			files = (
			);
			runOnlyForDeploymentPostprocessing = 0;
		};
/* End PBXFrameworksBuildPhase section */

/* Begin PBXGroup section */
		AAF7B0701BD83A1A00E9B12A = {
			isa = PBXGroup;
			children = (
				AAF7B07B1BD83A1A00E9B12A /* H2Experiments */,
				AAF7B07A1BD83A1A00E9B12A /* Products */,
			);
			sourceTree = "<group>";
		};
		AAF7B07A1BD83A1A00E9B12A /* Products */ = {
			isa = PBXGroup;
			children = (
				AAF7B0791BD83A1A00E9B12A /* H2Experiments.app */,
			);
			name = Products;
			sourceTree = "<group>";
		};
		AAF7B07B1BD83A1A00E9B12A /* H2Experiments */ = {
			isa = PBXGroup;
			children = (
				AAF7B07C1BD83A1A00E9B12A /* AppDelegate.swift */,
				AAF7B07E1BD83A1A00E9B12A /* ViewController.swift */,
				AAF7B08E1BD83A7900E9B12A /* H2.swift */,
				AAF7B0801BD83A1A00E9B12A /* Main.storyboard */,
				AAF7B0831BD83A1A00E9B12A /* Assets.xcassets */,
				AAF7B0851BD83A1A00E9B12A /* LaunchScreen.storyboard */,
				AAF7B0881BD83A1A00E9B12A /* Info.plist */,
				AAF7B0901BD8430500E9B12A /* UDP.swift */,
			);
			path = H2Experiments;
			sourceTree = "<group>";
		};
/* End PBXGroup section */

/* Begin PBXNativeTarget section */
		AAF7B0781BD83A1A00E9B12A /* H2Experiments */ = {
			isa = PBXNativeTarget;
			buildConfigurationList = AAF7B08B1BD83A1A00E9B12A /* Build configuration list for PBXNativeTarget "H2Experiments" */;
			buildPhases = (
				AAF7B0751BD83A1A00E9B12A /* Sources */,
				AAF7B0761BD83A1A00E9B12A /* Frameworks */,
				AAF7B0771BD83A1A00E9B12A /* Resources */,
			);
			buildRules = (
			);
			dependencies = (
			);
			name = H2Experiments;
			productName = H2Experiments;
			productReference = AAF7B0791BD83A1A00E9B12A /* H2Experiments.app */;
			productType = "com.apple.product-type.application";
		};
/* End PBXNativeTarget section */

/* Begin PBXProject section */
		AAF7B0711BD83A1A00E9B12A /* Project object */ = {
			isa = PBXProject;
			attributes = {
				LastUpgradeCheck = 0700;
				ORGANIZATIONNAME = Ethanp;
				TargetAttributes = {
					AAF7B0781BD83A1A00E9B12A = {
						CreatedOnToolsVersion = 7.0.1;
					};
				};
			};
			buildConfigurationList = AAF7B0741BD83A1A00E9B12A /* Build configuration list for PBXProject "H2Experiments" */;
			compatibilityVersion = "Xcode 3.2";
			developmentRegion = English;
			hasScannedForEncodings = 0;
			knownRegions = (
				en,
				Base,
			);
			mainGroup = AAF7B0701BD83A1A00E9B12A;
			productRefGroup = AAF7B07A1BD83A1A00E9B12A /* Products */;
			projectDirPath = "";
			projectRoot = "";
			targets = (
				AAF7B0781BD83A1A00E9B12A /* H2Experiments */,
			);
		};
/* End PBXProject section */

/* Begin PBXResourcesBuildPhase section */
		AAF7B0771BD83A1A00E9B12A /* Resources */ = {
			isa = PBXResourcesBuildPhase;
			buildActionMask = 2147483647;
			files = (
				AAF7B0871BD83A1A00E9B12A /* LaunchScreen.storyboard in Resources */,
				AAF7B0841BD83A1A00E9B12A /* Assets.xcassets in Resources */,
				AAF7B0821BD83A1A00E9B12A /* Main.storyboard in Resources */,
			);
			runOnlyForDeploymentPostprocessing = 0;
		};
/* End PBXResourcesBuildPhase section */

/* Begin PBXSourcesBuildPhase section */
		AAF7B0751BD83A1A00E9B12A /* Sources */ = {
			isa = PBXSourcesBuildPhase;
			buildActionMask = 2147483647;
			files = (
				AAF7B07F1BD83A1A00E9B12A /* ViewController.swift in Sources */,
				AAF7B0911BD8430500E9B12A /* UDP.swift in Sources */,
				AAF7B07D1BD83A1A00E9B12A /* AppDelegate.swift in Sources */,
				AAF7B08F1BD83A7900E9B12A /* H2.swift in Sources */,
			);
			runOnlyForDeploymentPostprocessing = 0;
		};
/* End PBXSourcesBuildPhase section */

/* Begin PBXVariantGroup section */
		AAF7B0801BD83A1A00E9B12A /* Main.storyboard */ = {
			isa = PBXVariantGroup;
			children = (
				AAF7B0811BD83A1A00E9B12A /* Base */,
			);
			name = Main.storyboard;
			sourceTree = "<group>";
		};
		AAF7B0851BD83A1A00E9B12A /* LaunchScreen.storyboard */ = {
			isa = PBXVariantGroup;
			children = (
				AAF7B0861BD83A1A00E9B12A /* Base */,
			);
			name = LaunchScreen.storyboard;
			sourceTree = "<group>";
		};
/* End PBXVariantGroup section */

/* Begin XCBuildConfiguration section */
		AAF7B0891BD83A1A00E9B12A /* Debug */ = {
			isa = XCBuildConfiguration;
			buildSettings = {
				ALWAYS_SEARCH_USER_PATHS = NO;
				CLANG_CXX_LANGUAGE_STANDARD = "gnu++0x";
				CLANG_CXX_LIBRARY = "libc++";
				CLANG_ENABLE_MODULES = YES;
				CLANG_ENABLE_OBJC_ARC = YES;
				CLANG_WARN_BOOL_CONVERSION = YES;
				CLANG_WARN_CONSTANT_CONVERSION = YES;
				CLANG_WARN_DIRECT_OBJC_ISA_USAGE = YES_ERROR;
				CLANG_WARN_EMPTY_BODY = YES;
				CLANG_WARN_ENUM_CONVERSION = YES;
				CLANG_WARN_INT_CONVERSION = YES;
				CLANG_WARN_OBJC_ROOT_CLASS = YES_ERROR;
				CLANG_WARN_UNREACHABLE_CODE = YES;
				CLANG_WARN__DUPLICATE_METHOD_MATCH = YES;
				"CODE_SIGN_IDENTITY[sdk=iphoneos*]" = "iPhone Developer";
				COPY_PHASE_STRIP = NO;
				DEBUG_INFORMATION_FORMAT = dwarf;
				ENABLE_STRICT_OBJC_MSGSEND = YES;
				ENABLE_TESTABILITY = YES;
				GCC_C_LANGUAGE_STANDARD = gnu99;
				GCC_DYNAMIC_NO_PIC = NO;
				GCC_NO_COMMON_BLOCKS = YES;
				GCC_OPTIMIZATION_LEVEL = 0;
				GCC_PREPROCESSOR_DEFINITIONS = (
					"DEBUG=1",
					"$(inherited)",
				);
				GCC_WARN_64_TO_32_BIT_CONVERSION = YES;
				GCC_WARN_ABOUT_RETURN_TYPE = YES_ERROR;
				GCC_WARN_UNDECLARED_SELECTOR = YES;
				GCC_WARN_UNINITIALIZED_AUTOS = YES_AGGRESSIVE;
				GCC_WARN_UNUSED_FUNCTION = YES;
				GCC_WARN_UNUSED_VARIABLE = YES;
				IPHONEOS_DEPLOYMENT_TARGET = 9.0;
				MTL_ENABLE_DEBUG_INFO = YES;
				ONLY_ACTIVE_ARCH = YES;
				SDKROOT = iphoneos;
				SWIFT_OPTIMIZATION_LEVEL = "-Onone";
			};
			name = Debug;
		};
		AAF7B08A1BD83A1A00E9B12A /* Release */ = {
			isa = XCBuildConfiguration;
			buildSettings = {
				ALWAYS_SEARCH_USER_PATHS = NO;
				CLANG_CXX_LANGUAGE_STANDARD = "gnu++0x";
				CLANG_CXX_LIBRARY = "libc++";
				CLANG_ENABLE_MODULES = YES;
				CLANG_ENABLE_OBJC_ARC = YES;
				CLANG_WARN_BOOL_CONVERSION = YES;
				CLANG_WARN_CONSTANT_CONVERSION = YES;
				CLANG_WARN_DIRECT_OBJC_ISA_USAGE = YES_ERROR;
				CLANG_WARN_EMPTY_BODY = YES;
				CLANG_WARN_ENUM_CONVERSION = YES;
				CLANG_WARN_INT_CONVERSION = YES;
				CLANG_WARN_OBJC_ROOT_CLASS = YES_ERROR;
				CLANG_WARN_UNREACHABLE_CODE = YES;
				CLANG_WARN__DUPLICATE_METHOD_MATCH = YES;
				"CODE_SIGN_IDENTITY[sdk=iphoneos*]" = "iPhone Developer";
				COPY_PHASE_STRIP = NO;
				DEBUG_INFORMATION_FORMAT = "dwarf-with-dsym";
				ENABLE_NS_ASSERTIONS = NO;
				ENABLE_STRICT_OBJC_MSGSEND = YES;
				GCC_C_LANGUAGE_STANDARD = gnu99;
				GCC_NO_COMMON_BLOCKS = YES;
				GCC_WARN_64_TO_32_BIT_CONVERSION = YES;
				GCC_WARN_ABOUT_RETURN_TYPE = YES_ERROR;
				GCC_WARN_UNDECLARED_SELECTOR = YES;
				GCC_WARN_UNINITIALIZED_AUTOS = YES_AGGRESSIVE;
				GCC_WARN_UNUSED_FUNCTION = YES;
				GCC_WARN_UNUSED_VARIABLE = YES;
				IPHONEOS_DEPLOYMENT_TARGET = 9.0;
				MTL_ENABLE_DEBUG_INFO = NO;
				SDKROOT = iphoneos;
				VALIDATE_PRODUCT = YES;
			};
			name = Release;
		};
		AAF7B08C1BD83A1A00E9B12A /* Debug */ = {
			isa = XCBuildConfiguration;
			buildSettings = {
				ASSETCATALOG_COMPILER_APPICON_NAME = AppIcon;
				INFOPLIST_FILE = H2Experiments/Info.plist;
				LD_RUNPATH_SEARCH_PATHS = "$(inherited) @executable_path/Frameworks";
				PRODUCT_BUNDLE_IDENTIFIER = na.ethanp.H2Experiments;
				PRODUCT_NAME = "$(TARGET_NAME)";
			};
			name = Debug;
		};
		AAF7B08D1BD83A1A00E9B12A /* Release */ = {
			isa = XCBuildConfiguration;
			buildSettings = {
				ASSETCATALOG_COMPILER_APPICON_NAME = AppIcon;
				INFOPLIST_FILE = H2Experiments/Info.plist;
				LD_RUNPATH_SEARCH_PATHS = "$(inherited) @executable_path/Frameworks";
				PRODUCT_BUNDLE_IDENTIFIER = na.ethanp.H2Experiments;
				PRODUCT_NAME = "$(TARGET_NAME)";
			};
			name = Release;
		};
/* End XCBuildConfiguration section */

/* Begin XCConfigurationList section */
		AAF7B0741BD83A1A00E9B12A /* Build configuration list for PBXProject "H2Experiments" */ = {
			isa = XCConfigurationList;
			buildConfigurations = (
				AAF7B0891BD83A1A00E9B12A /* Debug */,
				AAF7B08A1BD83A1A00E9B12A /* Release */,
			);
			defaultConfigurationIsVisible = 0;
			defaultConfigurationName = Release;
		};
		AAF7B08B1BD83A1A00E9B12A /* Build configuration list for PBXNativeTarget "H2Experiments" */ = {
			isa = XCConfigurationList;
			buildConfigurations = (
				AAF7B08C1BD83A1A00E9B12A /* Debug */,
				AAF7B08D1BD83A1A00E9B12A /* Release */,
			);
			defaultConfigurationIsVisible = 0;
		};
/* End XCConfigurationList section */
	};
	rootObject = AAF7B0711BD83A1A00E9B12A /* Project object */;
}
