// !$*UTF8*$!
{
	archiveVersion = 1;
	classes = {
	};
	objectVersion = 46;
	objects = {

/* Begin PBXBuildFile section */
		AA510FC518727E1C00C01F27 /* Foundation.framework in Frameworks */ = {isa = PBXBuildFile; fileRef = AA510FC418727E1C00C01F27 /* Foundation.framework */; };
		AA510FC718727E1C00C01F27 /* CoreGraphics.framework in Frameworks */ = {isa = PBXBuildFile; fileRef = AA510FC618727E1C00C01F27 /* CoreGraphics.framework */; };
		AA510FC918727E1C00C01F27 /* UIKit.framework in Frameworks */ = {isa = PBXBuildFile; fileRef = AA510FC818727E1C00C01F27 /* UIKit.framework */; };
		AA510FCF18727E1C00C01F27 /* InfoPlist.strings in Resources */ = {isa = PBXBuildFile; fileRef = AA510FCD18727E1C00C01F27 /* InfoPlist.strings */; };
		AA510FD118727E1C00C01F27 /* main.m in Sources */ = {isa = PBXBuildFile; fileRef = AA510FD018727E1C00C01F27 /* main.m */; };
		AA510FD518727E1C00C01F27 /* TopPlacesAppDelegate.m in Sources */ = {isa = PBXBuildFile; fileRef = AA510FD418727E1C00C01F27 /* TopPlacesAppDelegate.m */; };
		AA510FD818727E1C00C01F27 /* Main_iPhone.storyboard in Resources */ = {isa = PBXBuildFile; fileRef = AA510FD618727E1C00C01F27 /* Main_iPhone.storyboard */; };
		AA510FDB18727E1C00C01F27 /* Main_iPad.storyboard in Resources */ = {isa = PBXBuildFile; fileRef = AA510FD918727E1C00C01F27 /* Main_iPad.storyboard */; };
		AA510FDE18727E1C00C01F27 /* TopPlacesViewController.m in Sources */ = {isa = PBXBuildFile; fileRef = AA510FDD18727E1C00C01F27 /* TopPlacesViewController.m */; };
		AA510FE018727E1C00C01F27 /* Images.xcassets in Resources */ = {isa = PBXBuildFile; fileRef = AA510FDF18727E1C00C01F27 /* Images.xcassets */; };
		AA510FE718727E1C00C01F27 /* XCTest.framework in Frameworks */ = {isa = PBXBuildFile; fileRef = AA510FE618727E1C00C01F27 /* XCTest.framework */; };
		AA510FE818727E1C00C01F27 /* Foundation.framework in Frameworks */ = {isa = PBXBuildFile; fileRef = AA510FC418727E1C00C01F27 /* Foundation.framework */; };
		AA510FE918727E1C00C01F27 /* UIKit.framework in Frameworks */ = {isa = PBXBuildFile; fileRef = AA510FC818727E1C00C01F27 /* UIKit.framework */; };
		AA510FF118727E1C00C01F27 /* InfoPlist.strings in Resources */ = {isa = PBXBuildFile; fileRef = AA510FEF18727E1C00C01F27 /* InfoPlist.strings */; };
		AA510FF318727E1C00C01F27 /* Top_PlacesTests.m in Sources */ = {isa = PBXBuildFile; fileRef = AA510FF218727E1C00C01F27 /* Top_PlacesTests.m */; };
		AA51100018727E3200C01F27 /* FlickrFetcher.m in Sources */ = {isa = PBXBuildFile; fileRef = AA510FFF18727E3200C01F27 /* FlickrFetcher.m */; };
/* End PBXBuildFile section */

/* Begin PBXContainerItemProxy section */
		AA510FEA18727E1C00C01F27 /* PBXContainerItemProxy */ = {
			isa = PBXContainerItemProxy;
			containerPortal = AA510FB918727E1C00C01F27 /* Project object */;
			proxyType = 1;
			remoteGlobalIDString = AA510FC018727E1C00C01F27;
			remoteInfo = "Top Places";
		};
/* End PBXContainerItemProxy section */

/* Begin PBXFileReference section */
		AA510FC118727E1C00C01F27 /* Top Places.app */ = {isa = PBXFileReference; explicitFileType = wrapper.application; includeInIndex = 0; path = "Top Places.app"; sourceTree = BUILT_PRODUCTS_DIR; };
		AA510FC418727E1C00C01F27 /* Foundation.framework */ = {isa = PBXFileReference; lastKnownFileType = wrapper.framework; name = Foundation.framework; path = System/Library/Frameworks/Foundation.framework; sourceTree = SDKROOT; };
		AA510FC618727E1C00C01F27 /* CoreGraphics.framework */ = {isa = PBXFileReference; lastKnownFileType = wrapper.framework; name = CoreGraphics.framework; path = System/Library/Frameworks/CoreGraphics.framework; sourceTree = SDKROOT; };
		AA510FC818727E1C00C01F27 /* UIKit.framework */ = {isa = PBXFileReference; lastKnownFileType = wrapper.framework; name = UIKit.framework; path = System/Library/Frameworks/UIKit.framework; sourceTree = SDKROOT; };
		AA510FCC18727E1C00C01F27 /* Top Places-Info.plist */ = {isa = PBXFileReference; lastKnownFileType = text.plist.xml; path = "Top Places-Info.plist"; sourceTree = "<group>"; };
		AA510FCE18727E1C00C01F27 /* en */ = {isa = PBXFileReference; lastKnownFileType = text.plist.strings; name = en; path = en.lproj/InfoPlist.strings; sourceTree = "<group>"; };
		AA510FD018727E1C00C01F27 /* main.m */ = {isa = PBXFileReference; lastKnownFileType = sourcecode.c.objc; path = main.m; sourceTree = "<group>"; };
		AA510FD218727E1C00C01F27 /* Top Places-Prefix.pch */ = {isa = PBXFileReference; lastKnownFileType = sourcecode.c.h; path = "Top Places-Prefix.pch"; sourceTree = "<group>"; };
		AA510FD318727E1C00C01F27 /* TopPlacesAppDelegate.h */ = {isa = PBXFileReference; lastKnownFileType = sourcecode.c.h; path = TopPlacesAppDelegate.h; sourceTree = "<group>"; };
		AA510FD418727E1C00C01F27 /* TopPlacesAppDelegate.m */ = {isa = PBXFileReference; lastKnownFileType = sourcecode.c.objc; path = TopPlacesAppDelegate.m; sourceTree = "<group>"; };
		AA510FD718727E1C00C01F27 /* Base */ = {isa = PBXFileReference; lastKnownFileType = file.storyboard; name = Base; path = Base.lproj/Main_iPhone.storyboard; sourceTree = "<group>"; };
		AA510FDA18727E1C00C01F27 /* Base */ = {isa = PBXFileReference; lastKnownFileType = file.storyboard; name = Base; path = Base.lproj/Main_iPad.storyboard; sourceTree = "<group>"; };
		AA510FDC18727E1C00C01F27 /* TopPlacesViewController.h */ = {isa = PBXFileReference; lastKnownFileType = sourcecode.c.h; path = TopPlacesViewController.h; sourceTree = "<group>"; };
		AA510FDD18727E1C00C01F27 /* TopPlacesViewController.m */ = {isa = PBXFileReference; lastKnownFileType = sourcecode.c.objc; path = TopPlacesViewController.m; sourceTree = "<group>"; };
		AA510FDF18727E1C00C01F27 /* Images.xcassets */ = {isa = PBXFileReference; lastKnownFileType = folder.assetcatalog; path = Images.xcassets; sourceTree = "<group>"; };
		AA510FE518727E1C00C01F27 /* Top PlacesTests.xctest */ = {isa = PBXFileReference; explicitFileType = wrapper.cfbundle; includeInIndex = 0; path = "Top PlacesTests.xctest"; sourceTree = BUILT_PRODUCTS_DIR; };
		AA510FE618727E1C00C01F27 /* XCTest.framework */ = {isa = PBXFileReference; lastKnownFileType = wrapper.framework; name = XCTest.framework; path = Library/Frameworks/XCTest.framework; sourceTree = DEVELOPER_DIR; };
		AA510FEE18727E1C00C01F27 /* Top PlacesTests-Info.plist */ = {isa = PBXFileReference; lastKnownFileType = text.plist.xml; path = "Top PlacesTests-Info.plist"; sourceTree = "<group>"; };
		AA510FF018727E1C00C01F27 /* en */ = {isa = PBXFileReference; lastKnownFileType = text.plist.strings; name = en; path = en.lproj/InfoPlist.strings; sourceTree = "<group>"; };
		AA510FF218727E1C00C01F27 /* Top_PlacesTests.m */ = {isa = PBXFileReference; lastKnownFileType = sourcecode.c.objc; path = Top_PlacesTests.m; sourceTree = "<group>"; };
		AA510FFD18727E3200C01F27 /* FlickrAPIKey.h */ = {isa = PBXFileReference; fileEncoding = 4; lastKnownFileType = sourcecode.c.h; path = FlickrAPIKey.h; sourceTree = "<group>"; };
		AA510FFE18727E3200C01F27 /* FlickrFetcher.h */ = {isa = PBXFileReference; fileEncoding = 4; lastKnownFileType = sourcecode.c.h; path = FlickrFetcher.h; sourceTree = "<group>"; };
		AA510FFF18727E3200C01F27 /* FlickrFetcher.m */ = {isa = PBXFileReference; fileEncoding = 4; lastKnownFileType = sourcecode.c.objc; path = FlickrFetcher.m; sourceTree = "<group>"; };
/* End PBXFileReference section */

/* Begin PBXFrameworksBuildPhase section */
		AA510FBE18727E1C00C01F27 /* Frameworks */ = {
			isa = PBXFrameworksBuildPhase;
			buildActionMask = 2147483647;
			files = (
				AA510FC718727E1C00C01F27 /* CoreGraphics.framework in Frameworks */,
				AA510FC918727E1C00C01F27 /* UIKit.framework in Frameworks */,
				AA510FC518727E1C00C01F27 /* Foundation.framework in Frameworks */,
			);
			runOnlyForDeploymentPostprocessing = 0;
		};
		AA510FE218727E1C00C01F27 /* Frameworks */ = {
			isa = PBXFrameworksBuildPhase;
			buildActionMask = 2147483647;
			files = (
				AA510FE718727E1C00C01F27 /* XCTest.framework in Frameworks */,
				AA510FE918727E1C00C01F27 /* UIKit.framework in Frameworks */,
				AA510FE818727E1C00C01F27 /* Foundation.framework in Frameworks */,
			);
			runOnlyForDeploymentPostprocessing = 0;
		};
/* End PBXFrameworksBuildPhase section */

/* Begin PBXGroup section */
		AA510FB818727E1C00C01F27 = {
			isa = PBXGroup;
			children = (
				AA510FCA18727E1C00C01F27 /* Top Places */,
				AA510FEC18727E1C00C01F27 /* Top PlacesTests */,
				AA510FC318727E1C00C01F27 /* Frameworks */,
				AA510FC218727E1C00C01F27 /* Products */,
			);
			sourceTree = "<group>";
		};
		AA510FC218727E1C00C01F27 /* Products */ = {
			isa = PBXGroup;
			children = (
				AA510FC118727E1C00C01F27 /* Top Places.app */,
				AA510FE518727E1C00C01F27 /* Top PlacesTests.xctest */,
			);
			name = Products;
			sourceTree = "<group>";
		};
		AA510FC318727E1C00C01F27 /* Frameworks */ = {
			isa = PBXGroup;
			children = (
				AA510FC418727E1C00C01F27 /* Foundation.framework */,
				AA510FC618727E1C00C01F27 /* CoreGraphics.framework */,
				AA510FC818727E1C00C01F27 /* UIKit.framework */,
				AA510FE618727E1C00C01F27 /* XCTest.framework */,
			);
			name = Frameworks;
			sourceTree = "<group>";
		};
		AA510FCA18727E1C00C01F27 /* Top Places */ = {
			isa = PBXGroup;
			children = (
				AA510FFC18727E3200C01F27 /* Flickr Fetcher */,
				AA510FD318727E1C00C01F27 /* TopPlacesAppDelegate.h */,
				AA510FD418727E1C00C01F27 /* TopPlacesAppDelegate.m */,
				AA510FD618727E1C00C01F27 /* Main_iPhone.storyboard */,
				AA510FD918727E1C00C01F27 /* Main_iPad.storyboard */,
				AA510FDC18727E1C00C01F27 /* TopPlacesViewController.h */,
				AA510FDD18727E1C00C01F27 /* TopPlacesViewController.m */,
				AA510FDF18727E1C00C01F27 /* Images.xcassets */,
				AA510FCB18727E1C00C01F27 /* Supporting Files */,
			);
			path = "Top Places";
			sourceTree = "<group>";
		};
		AA510FCB18727E1C00C01F27 /* Supporting Files */ = {
			isa = PBXGroup;
			children = (
				AA510FCC18727E1C00C01F27 /* Top Places-Info.plist */,
				AA510FCD18727E1C00C01F27 /* InfoPlist.strings */,
				AA510FD018727E1C00C01F27 /* main.m */,
				AA510FD218727E1C00C01F27 /* Top Places-Prefix.pch */,
			);
			name = "Supporting Files";
			sourceTree = "<group>";
		};
		AA510FEC18727E1C00C01F27 /* Top PlacesTests */ = {
			isa = PBXGroup;
			children = (
				AA510FF218727E1C00C01F27 /* Top_PlacesTests.m */,
				AA510FED18727E1C00C01F27 /* Supporting Files */,
			);
			path = "Top PlacesTests";
			sourceTree = "<group>";
		};
		AA510FED18727E1C00C01F27 /* Supporting Files */ = {
			isa = PBXGroup;
			children = (
				AA510FEE18727E1C00C01F27 /* Top PlacesTests-Info.plist */,
				AA510FEF18727E1C00C01F27 /* InfoPlist.strings */,
			);
			name = "Supporting Files";
			sourceTree = "<group>";
		};
		AA510FFC18727E3200C01F27 /* Flickr Fetcher */ = {
			isa = PBXGroup;
			children = (
				AA510FFD18727E3200C01F27 /* FlickrAPIKey.h */,
				AA510FFE18727E3200C01F27 /* FlickrFetcher.h */,
				AA510FFF18727E3200C01F27 /* FlickrFetcher.m */,
			);
			path = "Flickr Fetcher";
			sourceTree = "<group>";
		};
/* End PBXGroup section */

/* Begin PBXNativeTarget section */
		AA510FC018727E1C00C01F27 /* Top Places */ = {
			isa = PBXNativeTarget;
			buildConfigurationList = AA510FF618727E1C00C01F27 /* Build configuration list for PBXNativeTarget "Top Places" */;
			buildPhases = (
				AA510FBD18727E1C00C01F27 /* Sources */,
				AA510FBE18727E1C00C01F27 /* Frameworks */,
				AA510FBF18727E1C00C01F27 /* Resources */,
			);
			buildRules = (
			);
			dependencies = (
			);
			name = "Top Places";
			productName = "Top Places";
			productReference = AA510FC118727E1C00C01F27 /* Top Places.app */;
			productType = "com.apple.product-type.application";
		};
		AA510FE418727E1C00C01F27 /* Top PlacesTests */ = {
			isa = PBXNativeTarget;
			buildConfigurationList = AA510FF918727E1C00C01F27 /* Build configuration list for PBXNativeTarget "Top PlacesTests" */;
			buildPhases = (
				AA510FE118727E1C00C01F27 /* Sources */,
				AA510FE218727E1C00C01F27 /* Frameworks */,
				AA510FE318727E1C00C01F27 /* Resources */,
			);
			buildRules = (
			);
			dependencies = (
				AA510FEB18727E1C00C01F27 /* PBXTargetDependency */,
			);
			name = "Top PlacesTests";
			productName = "Top PlacesTests";
			productReference = AA510FE518727E1C00C01F27 /* Top PlacesTests.xctest */;
			productType = "com.apple.product-type.bundle.unit-test";
		};
/* End PBXNativeTarget section */

/* Begin PBXProject section */
		AA510FB918727E1C00C01F27 /* Project object */ = {
			isa = PBXProject;
			attributes = {
				CLASSPREFIX = TopPlaces;
				LastUpgradeCheck = 0500;
				ORGANIZATIONNAME = "Ethan Petuchowski";
				TargetAttributes = {
					AA510FE418727E1C00C01F27 = {
						TestTargetID = AA510FC018727E1C00C01F27;
					};
				};
			};
			buildConfigurationList = AA510FBC18727E1C00C01F27 /* Build configuration list for PBXProject "Top Places" */;
			compatibilityVersion = "Xcode 3.2";
			developmentRegion = English;
			hasScannedForEncodings = 0;
			knownRegions = (
				en,
				Base,
			);
			mainGroup = AA510FB818727E1C00C01F27;
			productRefGroup = AA510FC218727E1C00C01F27 /* Products */;
			projectDirPath = "";
			projectRoot = "";
			targets = (
				AA510FC018727E1C00C01F27 /* Top Places */,
				AA510FE418727E1C00C01F27 /* Top PlacesTests */,
			);
		};
/* End PBXProject section */

/* Begin PBXResourcesBuildPhase section */
		AA510FBF18727E1C00C01F27 /* Resources */ = {
			isa = PBXResourcesBuildPhase;
			buildActionMask = 2147483647;
			files = (
				AA510FDB18727E1C00C01F27 /* Main_iPad.storyboard in Resources */,
				AA510FE018727E1C00C01F27 /* Images.xcassets in Resources */,
				AA510FD818727E1C00C01F27 /* Main_iPhone.storyboard in Resources */,
				AA510FCF18727E1C00C01F27 /* InfoPlist.strings in Resources */,
			);
			runOnlyForDeploymentPostprocessing = 0;
		};
		AA510FE318727E1C00C01F27 /* Resources */ = {
			isa = PBXResourcesBuildPhase;
			buildActionMask = 2147483647;
			files = (
				AA510FF118727E1C00C01F27 /* InfoPlist.strings in Resources */,
			);
			runOnlyForDeploymentPostprocessing = 0;
		};
/* End PBXResourcesBuildPhase section */

/* Begin PBXSourcesBuildPhase section */
		AA510FBD18727E1C00C01F27 /* Sources */ = {
			isa = PBXSourcesBuildPhase;
			buildActionMask = 2147483647;
			files = (
				AA510FDE18727E1C00C01F27 /* TopPlacesViewController.m in Sources */,
				AA510FD518727E1C00C01F27 /* TopPlacesAppDelegate.m in Sources */,
				AA51100018727E3200C01F27 /* FlickrFetcher.m in Sources */,
				AA510FD118727E1C00C01F27 /* main.m in Sources */,
			);
			runOnlyForDeploymentPostprocessing = 0;
		};
		AA510FE118727E1C00C01F27 /* Sources */ = {
			isa = PBXSourcesBuildPhase;
			buildActionMask = 2147483647;
			files = (
				AA510FF318727E1C00C01F27 /* Top_PlacesTests.m in Sources */,
			);
			runOnlyForDeploymentPostprocessing = 0;
		};
/* End PBXSourcesBuildPhase section */

/* Begin PBXTargetDependency section */
		AA510FEB18727E1C00C01F27 /* PBXTargetDependency */ = {
			isa = PBXTargetDependency;
			target = AA510FC018727E1C00C01F27 /* Top Places */;
			targetProxy = AA510FEA18727E1C00C01F27 /* PBXContainerItemProxy */;
		};
/* End PBXTargetDependency section */

/* Begin PBXVariantGroup section */
		AA510FCD18727E1C00C01F27 /* InfoPlist.strings */ = {
			isa = PBXVariantGroup;
			children = (
				AA510FCE18727E1C00C01F27 /* en */,
			);
			name = InfoPlist.strings;
			sourceTree = "<group>";
		};
		AA510FD618727E1C00C01F27 /* Main_iPhone.storyboard */ = {
			isa = PBXVariantGroup;
			children = (
				AA510FD718727E1C00C01F27 /* Base */,
			);
			name = Main_iPhone.storyboard;
			sourceTree = "<group>";
		};
		AA510FD918727E1C00C01F27 /* Main_iPad.storyboard */ = {
			isa = PBXVariantGroup;
			children = (
				AA510FDA18727E1C00C01F27 /* Base */,
			);
			name = Main_iPad.storyboard;
			sourceTree = "<group>";
		};
		AA510FEF18727E1C00C01F27 /* InfoPlist.strings */ = {
			isa = PBXVariantGroup;
			children = (
				AA510FF018727E1C00C01F27 /* en */,
			);
			name = InfoPlist.strings;
			sourceTree = "<group>";
		};
/* End PBXVariantGroup section */

/* Begin XCBuildConfiguration section */
		AA510FF418727E1C00C01F27 /* Debug */ = {
			isa = XCBuildConfiguration;
			buildSettings = {
				ALWAYS_SEARCH_USER_PATHS = NO;
				ARCHS = "$(ARCHS_STANDARD_INCLUDING_64_BIT)";
				CLANG_CXX_LANGUAGE_STANDARD = "gnu++0x";
				CLANG_CXX_LIBRARY = "libc++";
				CLANG_ENABLE_MODULES = YES;
				CLANG_ENABLE_OBJC_ARC = YES;
				CLANG_WARN_BOOL_CONVERSION = YES;
				CLANG_WARN_CONSTANT_CONVERSION = YES;
				CLANG_WARN_DIRECT_OBJC_ISA_USAGE = YES_ERROR;
				CLANG_WARN_EMPTY_BODY = YES;
				CLANG_WARN_ENUM_CONVERSION = YES;
				CLANG_WARN_INT_CONVERSION = YES;
				CLANG_WARN_OBJC_ROOT_CLASS = YES_ERROR;
				CLANG_WARN__DUPLICATE_METHOD_MATCH = YES;
				"CODE_SIGN_IDENTITY[sdk=iphoneos*]" = "iPhone Developer";
				COPY_PHASE_STRIP = NO;
				GCC_C_LANGUAGE_STANDARD = gnu99;
				GCC_DYNAMIC_NO_PIC = NO;
				GCC_OPTIMIZATION_LEVEL = 0;
				GCC_PREPROCESSOR_DEFINITIONS = (
					"DEBUG=1",
					"$(inherited)",
				);
				GCC_SYMBOLS_PRIVATE_EXTERN = NO;
				GCC_WARN_64_TO_32_BIT_CONVERSION = YES;
				GCC_WARN_ABOUT_RETURN_TYPE = YES_ERROR;
				GCC_WARN_UNDECLARED_SELECTOR = YES;
				GCC_WARN_UNINITIALIZED_AUTOS = YES;
				GCC_WARN_UNUSED_FUNCTION = YES;
				GCC_WARN_UNUSED_VARIABLE = YES;
				IPHONEOS_DEPLOYMENT_TARGET = 7.0;
				ONLY_ACTIVE_ARCH = YES;
				SDKROOT = iphoneos;
				TARGETED_DEVICE_FAMILY = "1,2";
			};
			name = Debug;
		};
		AA510FF518727E1C00C01F27 /* Release */ = {
			isa = XCBuildConfiguration;
			buildSettings = {
				ALWAYS_SEARCH_USER_PATHS = NO;
				ARCHS = "$(ARCHS_STANDARD_INCLUDING_64_BIT)";
				CLANG_CXX_LANGUAGE_STANDARD = "gnu++0x";
				CLANG_CXX_LIBRARY = "libc++";
				CLANG_ENABLE_MODULES = YES;
				CLANG_ENABLE_OBJC_ARC = YES;
				CLANG_WARN_BOOL_CONVERSION = YES;
				CLANG_WARN_CONSTANT_CONVERSION = YES;
				CLANG_WARN_DIRECT_OBJC_ISA_USAGE = YES_ERROR;
				CLANG_WARN_EMPTY_BODY = YES;
				CLANG_WARN_ENUM_CONVERSION = YES;
				CLANG_WARN_INT_CONVERSION = YES;
				CLANG_WARN_OBJC_ROOT_CLASS = YES_ERROR;
				CLANG_WARN__DUPLICATE_METHOD_MATCH = YES;
				"CODE_SIGN_IDENTITY[sdk=iphoneos*]" = "iPhone Developer";
				COPY_PHASE_STRIP = YES;
				ENABLE_NS_ASSERTIONS = NO;
				GCC_C_LANGUAGE_STANDARD = gnu99;
				GCC_WARN_64_TO_32_BIT_CONVERSION = YES;
				GCC_WARN_ABOUT_RETURN_TYPE = YES_ERROR;
				GCC_WARN_UNDECLARED_SELECTOR = YES;
				GCC_WARN_UNINITIALIZED_AUTOS = YES;
				GCC_WARN_UNUSED_FUNCTION = YES;
				GCC_WARN_UNUSED_VARIABLE = YES;
				IPHONEOS_DEPLOYMENT_TARGET = 7.0;
				SDKROOT = iphoneos;
				TARGETED_DEVICE_FAMILY = "1,2";
				VALIDATE_PRODUCT = YES;
			};
			name = Release;
		};
		AA510FF718727E1C00C01F27 /* Debug */ = {
			isa = XCBuildConfiguration;
			buildSettings = {
				ASSETCATALOG_COMPILER_APPICON_NAME = AppIcon;
				ASSETCATALOG_COMPILER_LAUNCHIMAGE_NAME = LaunchImage;
				GCC_PRECOMPILE_PREFIX_HEADER = YES;
				GCC_PREFIX_HEADER = "Top Places/Top Places-Prefix.pch";
				INFOPLIST_FILE = "Top Places/Top Places-Info.plist";
				PRODUCT_NAME = "$(TARGET_NAME)";
				WRAPPER_EXTENSION = app;
			};
			name = Debug;
		};
		AA510FF818727E1C00C01F27 /* Release */ = {
			isa = XCBuildConfiguration;
			buildSettings = {
				ASSETCATALOG_COMPILER_APPICON_NAME = AppIcon;
				ASSETCATALOG_COMPILER_LAUNCHIMAGE_NAME = LaunchImage;
				GCC_PRECOMPILE_PREFIX_HEADER = YES;
				GCC_PREFIX_HEADER = "Top Places/Top Places-Prefix.pch";
				INFOPLIST_FILE = "Top Places/Top Places-Info.plist";
				PRODUCT_NAME = "$(TARGET_NAME)";
				WRAPPER_EXTENSION = app;
			};
			name = Release;
		};
		AA510FFA18727E1C00C01F27 /* Debug */ = {
			isa = XCBuildConfiguration;
			buildSettings = {
				ARCHS = "$(ARCHS_STANDARD_INCLUDING_64_BIT)";
				BUNDLE_LOADER = "$(BUILT_PRODUCTS_DIR)/Top Places.app/Top Places";
				FRAMEWORK_SEARCH_PATHS = (
					"$(SDKROOT)/Developer/Library/Frameworks",
					"$(inherited)",
					"$(DEVELOPER_FRAMEWORKS_DIR)",
				);
				GCC_PRECOMPILE_PREFIX_HEADER = YES;
				GCC_PREFIX_HEADER = "Top Places/Top Places-Prefix.pch";
				GCC_PREPROCESSOR_DEFINITIONS = (
					"DEBUG=1",
					"$(inherited)",
				);
				INFOPLIST_FILE = "Top PlacesTests/Top PlacesTests-Info.plist";
				PRODUCT_NAME = "$(TARGET_NAME)";
				TEST_HOST = "$(BUNDLE_LOADER)";
				WRAPPER_EXTENSION = xctest;
			};
			name = Debug;
		};
		AA510FFB18727E1C00C01F27 /* Release */ = {
			isa = XCBuildConfiguration;
			buildSettings = {
				ARCHS = "$(ARCHS_STANDARD_INCLUDING_64_BIT)";
				BUNDLE_LOADER = "$(BUILT_PRODUCTS_DIR)/Top Places.app/Top Places";
				FRAMEWORK_SEARCH_PATHS = (
					"$(SDKROOT)/Developer/Library/Frameworks",
					"$(inherited)",
					"$(DEVELOPER_FRAMEWORKS_DIR)",
				);
				GCC_PRECOMPILE_PREFIX_HEADER = YES;
				GCC_PREFIX_HEADER = "Top Places/Top Places-Prefix.pch";
				INFOPLIST_FILE = "Top PlacesTests/Top PlacesTests-Info.plist";
				PRODUCT_NAME = "$(TARGET_NAME)";
				TEST_HOST = "$(BUNDLE_LOADER)";
				WRAPPER_EXTENSION = xctest;
			};
			name = Release;
		};
/* End XCBuildConfiguration section */

/* Begin XCConfigurationList section */
		AA510FBC18727E1C00C01F27 /* Build configuration list for PBXProject "Top Places" */ = {
			isa = XCConfigurationList;
			buildConfigurations = (
				AA510FF418727E1C00C01F27 /* Debug */,
				AA510FF518727E1C00C01F27 /* Release */,
			);
			defaultConfigurationIsVisible = 0;
			defaultConfigurationName = Release;
		};
		AA510FF618727E1C00C01F27 /* Build configuration list for PBXNativeTarget "Top Places" */ = {
			isa = XCConfigurationList;
			buildConfigurations = (
				AA510FF718727E1C00C01F27 /* Debug */,
				AA510FF818727E1C00C01F27 /* Release */,
			);
			defaultConfigurationIsVisible = 0;
		};
		AA510FF918727E1C00C01F27 /* Build configuration list for PBXNativeTarget "Top PlacesTests" */ = {
			isa = XCConfigurationList;
			buildConfigurations = (
				AA510FFA18727E1C00C01F27 /* Debug */,
				AA510FFB18727E1C00C01F27 /* Release */,
			);
			defaultConfigurationIsVisible = 0;
		};
/* End XCConfigurationList section */
	};
	rootObject = AA510FB918727E1C00C01F27 /* Project object */;
}
