// !$*UTF8*$!
{
	archiveVersion = 1;
	classes = {
	};
	objectVersion = 46;
	objects = {

/* Begin PBXBuildFile section */
		AA074A001ADDD84B00690D08 /* AppDelegate.swift in Sources */ = {isa = PBXBuildFile; fileRef = AA0749FF1ADDD84B00690D08 /* AppDelegate.swift */; };
		AA074A021ADDD84B00690D08 /* ViewController.swift in Sources */ = {isa = PBXBuildFile; fileRef = AA074A011ADDD84B00690D08 /* ViewController.swift */; };
		AA074A051ADDD84B00690D08 /* Main.storyboard in Resources */ = {isa = PBXBuildFile; fileRef = AA074A031ADDD84B00690D08 /* Main.storyboard */; };
		AA074A071ADDD84B00690D08 /* Images.xcassets in Resources */ = {isa = PBXBuildFile; fileRef = AA074A061ADDD84B00690D08 /* Images.xcassets */; };
		AA074A0A1ADDD84B00690D08 /* LaunchScreen.xib in Resources */ = {isa = PBXBuildFile; fileRef = AA074A081ADDD84B00690D08 /* LaunchScreen.xib */; };
		AA074A161ADDD84B00690D08 /* HIIMTests.swift in Sources */ = {isa = PBXBuildFile; fileRef = AA074A151ADDD84B00690D08 /* HIIMTests.swift */; };
		AA074A201ADDDF4F00690D08 /* SessionModel.swift in Sources */ = {isa = PBXBuildFile; fileRef = AA074A1F1ADDDF4F00690D08 /* SessionModel.swift */; };
		AA074A221ADDEF4C00690D08 /* AVFoundation.framework in Frameworks */ = {isa = PBXBuildFile; fileRef = AA074A211ADDEF4C00690D08 /* AVFoundation.framework */; };
		AA074A251ADDF2A200690D08 /* Bell.m4a in Resources */ = {isa = PBXBuildFile; fileRef = AA074A241ADDF2A200690D08 /* Bell.m4a */; };
/* End PBXBuildFile section */

/* Begin PBXContainerItemProxy section */
		AA074A101ADDD84B00690D08 /* PBXContainerItemProxy */ = {
			isa = PBXContainerItemProxy;
			containerPortal = AA0749F21ADDD84B00690D08 /* Project object */;
			proxyType = 1;
			remoteGlobalIDString = AA0749F91ADDD84B00690D08;
			remoteInfo = HIIM;
		};
/* End PBXContainerItemProxy section */

/* Begin PBXFileReference section */
		AA0749FA1ADDD84B00690D08 /* HIIM.app */ = {isa = PBXFileReference; explicitFileType = wrapper.application; includeInIndex = 0; path = HIIM.app; sourceTree = BUILT_PRODUCTS_DIR; };
		AA0749FE1ADDD84B00690D08 /* Info.plist */ = {isa = PBXFileReference; lastKnownFileType = text.plist.xml; path = Info.plist; sourceTree = "<group>"; };
		AA0749FF1ADDD84B00690D08 /* AppDelegate.swift */ = {isa = PBXFileReference; lastKnownFileType = sourcecode.swift; path = AppDelegate.swift; sourceTree = "<group>"; };
		AA074A011ADDD84B00690D08 /* ViewController.swift */ = {isa = PBXFileReference; lastKnownFileType = sourcecode.swift; path = ViewController.swift; sourceTree = "<group>"; };
		AA074A041ADDD84B00690D08 /* Base */ = {isa = PBXFileReference; lastKnownFileType = file.storyboard; name = Base; path = Base.lproj/Main.storyboard; sourceTree = "<group>"; };
		AA074A061ADDD84B00690D08 /* Images.xcassets */ = {isa = PBXFileReference; lastKnownFileType = folder.assetcatalog; path = Images.xcassets; sourceTree = "<group>"; };
		AA074A091ADDD84B00690D08 /* Base */ = {isa = PBXFileReference; lastKnownFileType = file.xib; name = Base; path = Base.lproj/LaunchScreen.xib; sourceTree = "<group>"; };
		AA074A0F1ADDD84B00690D08 /* HIIMTests.xctest */ = {isa = PBXFileReference; explicitFileType = wrapper.cfbundle; includeInIndex = 0; path = HIIMTests.xctest; sourceTree = BUILT_PRODUCTS_DIR; };
		AA074A141ADDD84B00690D08 /* Info.plist */ = {isa = PBXFileReference; lastKnownFileType = text.plist.xml; path = Info.plist; sourceTree = "<group>"; };
		AA074A151ADDD84B00690D08 /* HIIMTests.swift */ = {isa = PBXFileReference; lastKnownFileType = sourcecode.swift; path = HIIMTests.swift; sourceTree = "<group>"; };
		AA074A1F1ADDDF4F00690D08 /* SessionModel.swift */ = {isa = PBXFileReference; fileEncoding = 4; lastKnownFileType = sourcecode.swift; path = SessionModel.swift; sourceTree = "<group>"; };
		AA074A211ADDEF4C00690D08 /* AVFoundation.framework */ = {isa = PBXFileReference; lastKnownFileType = wrapper.framework; name = AVFoundation.framework; path = System/Library/Frameworks/AVFoundation.framework; sourceTree = SDKROOT; };
		AA074A241ADDF2A200690D08 /* Bell.m4a */ = {isa = PBXFileReference; lastKnownFileType = file; path = Bell.m4a; sourceTree = "<group>"; };
/* End PBXFileReference section */

/* Begin PBXFrameworksBuildPhase section */
		AA0749F71ADDD84B00690D08 /* Frameworks */ = {
			isa = PBXFrameworksBuildPhase;
			buildActionMask = 2147483647;
			files = (
				AA074A221ADDEF4C00690D08 /* AVFoundation.framework in Frameworks */,
			);
			runOnlyForDeploymentPostprocessing = 0;
		};
		AA074A0C1ADDD84B00690D08 /* Frameworks */ = {
			isa = PBXFrameworksBuildPhase;
			buildActionMask = 2147483647;
			files = (
			);
			runOnlyForDeploymentPostprocessing = 0;
		};
/* End PBXFrameworksBuildPhase section */

/* Begin PBXGroup section */
		AA0749F11ADDD84B00690D08 = {
			isa = PBXGroup;
			children = (
				AA074A211ADDEF4C00690D08 /* AVFoundation.framework */,
				AA0749FC1ADDD84B00690D08 /* HIIM */,
				AA074A121ADDD84B00690D08 /* HIIMTests */,
				AA0749FB1ADDD84B00690D08 /* Products */,
			);
			sourceTree = "<group>";
		};
		AA0749FB1ADDD84B00690D08 /* Products */ = {
			isa = PBXGroup;
			children = (
				AA0749FA1ADDD84B00690D08 /* HIIM.app */,
				AA074A0F1ADDD84B00690D08 /* HIIMTests.xctest */,
			);
			name = Products;
			sourceTree = "<group>";
		};
		AA0749FC1ADDD84B00690D08 /* HIIM */ = {
			isa = PBXGroup;
			children = (
				AA0749FF1ADDD84B00690D08 /* AppDelegate.swift */,
				AA074A241ADDF2A200690D08 /* Bell.m4a */,
				AA074A011ADDD84B00690D08 /* ViewController.swift */,
				AA074A1F1ADDDF4F00690D08 /* SessionModel.swift */,
				AA074A031ADDD84B00690D08 /* Main.storyboard */,
				AA074A061ADDD84B00690D08 /* Images.xcassets */,
				AA074A081ADDD84B00690D08 /* LaunchScreen.xib */,
				AA0749FD1ADDD84B00690D08 /* Supporting Files */,
			);
			path = HIIM;
			sourceTree = "<group>";
		};
		AA0749FD1ADDD84B00690D08 /* Supporting Files */ = {
			isa = PBXGroup;
			children = (
				AA0749FE1ADDD84B00690D08 /* Info.plist */,
			);
			name = "Supporting Files";
			sourceTree = "<group>";
		};
		AA074A121ADDD84B00690D08 /* HIIMTests */ = {
			isa = PBXGroup;
			children = (
				AA074A151ADDD84B00690D08 /* HIIMTests.swift */,
				AA074A131ADDD84B00690D08 /* Supporting Files */,
			);
			path = HIIMTests;
			sourceTree = "<group>";
		};
		AA074A131ADDD84B00690D08 /* Supporting Files */ = {
			isa = PBXGroup;
			children = (
				AA074A141ADDD84B00690D08 /* Info.plist */,
			);
			name = "Supporting Files";
			sourceTree = "<group>";
		};
/* End PBXGroup section */

/* Begin PBXNativeTarget section */
		AA0749F91ADDD84B00690D08 /* HIIM */ = {
			isa = PBXNativeTarget;
			buildConfigurationList = AA074A191ADDD84B00690D08 /* Build configuration list for PBXNativeTarget "HIIM" */;
			buildPhases = (
				AA0749F61ADDD84B00690D08 /* Sources */,
				AA0749F71ADDD84B00690D08 /* Frameworks */,
				AA0749F81ADDD84B00690D08 /* Resources */,
			);
			buildRules = (
			);
			dependencies = (
			);
			name = HIIM;
			productName = HIIM;
			productReference = AA0749FA1ADDD84B00690D08 /* HIIM.app */;
			productType = "com.apple.product-type.application";
		};
		AA074A0E1ADDD84B00690D08 /* HIIMTests */ = {
			isa = PBXNativeTarget;
			buildConfigurationList = AA074A1C1ADDD84B00690D08 /* Build configuration list for PBXNativeTarget "HIIMTests" */;
			buildPhases = (
				AA074A0B1ADDD84B00690D08 /* Sources */,
				AA074A0C1ADDD84B00690D08 /* Frameworks */,
				AA074A0D1ADDD84B00690D08 /* Resources */,
			);
			buildRules = (
			);
			dependencies = (
				AA074A111ADDD84B00690D08 /* PBXTargetDependency */,
			);
			name = HIIMTests;
			productName = HIIMTests;
			productReference = AA074A0F1ADDD84B00690D08 /* HIIMTests.xctest */;
			productType = "com.apple.product-type.bundle.unit-test";
		};
/* End PBXNativeTarget section */

/* Begin PBXProject section */
		AA0749F21ADDD84B00690D08 /* Project object */ = {
			isa = PBXProject;
			attributes = {
				LastUpgradeCheck = 0630;
				ORGANIZATIONNAME = "Ethan Petuchowski";
				TargetAttributes = {
					AA0749F91ADDD84B00690D08 = {
						CreatedOnToolsVersion = 6.3;
					};
					AA074A0E1ADDD84B00690D08 = {
						CreatedOnToolsVersion = 6.3;
						TestTargetID = AA0749F91ADDD84B00690D08;
					};
				};
			};
			buildConfigurationList = AA0749F51ADDD84B00690D08 /* Build configuration list for PBXProject "HIIM" */;
			compatibilityVersion = "Xcode 3.2";
			developmentRegion = English;
			hasScannedForEncodings = 0;
			knownRegions = (
				en,
				Base,
			);
			mainGroup = AA0749F11ADDD84B00690D08;
			productRefGroup = AA0749FB1ADDD84B00690D08 /* Products */;
			projectDirPath = "";
			projectRoot = "";
			targets = (
				AA0749F91ADDD84B00690D08 /* HIIM */,
				AA074A0E1ADDD84B00690D08 /* HIIMTests */,
			);
		};
/* End PBXProject section */

/* Begin PBXResourcesBuildPhase section */
		AA0749F81ADDD84B00690D08 /* Resources */ = {
			isa = PBXResourcesBuildPhase;
			buildActionMask = 2147483647;
			files = (
				AA074A051ADDD84B00690D08 /* Main.storyboard in Resources */,
				AA074A0A1ADDD84B00690D08 /* LaunchScreen.xib in Resources */,
				AA074A071ADDD84B00690D08 /* Images.xcassets in Resources */,
				AA074A251ADDF2A200690D08 /* Bell.m4a in Resources */,
			);
			runOnlyForDeploymentPostprocessing = 0;
		};
		AA074A0D1ADDD84B00690D08 /* Resources */ = {
			isa = PBXResourcesBuildPhase;
			buildActionMask = 2147483647;
			files = (
			);
			runOnlyForDeploymentPostprocessing = 0;
		};
/* End PBXResourcesBuildPhase section */

/* Begin PBXSourcesBuildPhase section */
		AA0749F61ADDD84B00690D08 /* Sources */ = {
			isa = PBXSourcesBuildPhase;
			buildActionMask = 2147483647;
			files = (
				AA074A021ADDD84B00690D08 /* ViewController.swift in Sources */,
				AA074A001ADDD84B00690D08 /* AppDelegate.swift in Sources */,
				AA074A201ADDDF4F00690D08 /* SessionModel.swift in Sources */,
			);
			runOnlyForDeploymentPostprocessing = 0;
		};
		AA074A0B1ADDD84B00690D08 /* Sources */ = {
			isa = PBXSourcesBuildPhase;
			buildActionMask = 2147483647;
			files = (
				AA074A161ADDD84B00690D08 /* HIIMTests.swift in Sources */,
			);
			runOnlyForDeploymentPostprocessing = 0;
		};
/* End PBXSourcesBuildPhase section */

/* Begin PBXTargetDependency section */
		AA074A111ADDD84B00690D08 /* PBXTargetDependency */ = {
			isa = PBXTargetDependency;
			target = AA0749F91ADDD84B00690D08 /* HIIM */;
			targetProxy = AA074A101ADDD84B00690D08 /* PBXContainerItemProxy */;
		};
/* End PBXTargetDependency section */

/* Begin PBXVariantGroup section */
		AA074A031ADDD84B00690D08 /* Main.storyboard */ = {
			isa = PBXVariantGroup;
			children = (
				AA074A041ADDD84B00690D08 /* Base */,
			);
			name = Main.storyboard;
			sourceTree = "<group>";
		};
		AA074A081ADDD84B00690D08 /* LaunchScreen.xib */ = {
			isa = PBXVariantGroup;
			children = (
				AA074A091ADDD84B00690D08 /* Base */,
			);
			name = LaunchScreen.xib;
			sourceTree = "<group>";
		};
/* End PBXVariantGroup section */

/* Begin XCBuildConfiguration section */
		AA074A171ADDD84B00690D08 /* Debug */ = {
			isa = XCBuildConfiguration;
			buildSettings = {
				ALWAYS_SEARCH_USER_PATHS = NO;
				CLANG_CXX_LANGUAGE_STANDARD = "gnu++0x";
				CLANG_CXX_LIBRARY = "libc++";
				CLANG_ENABLE_MODULES = YES;
				CLANG_ENABLE_OBJC_ARC = YES;
				CLANG_WARN_BOOL_CONVERSION = YES;
				CLANG_WARN_CONSTANT_CONVERSION = YES;
				CLANG_WARN_DIRECT_OBJC_ISA_USAGE = YES_ERROR;
				CLANG_WARN_EMPTY_BODY = YES;
				CLANG_WARN_ENUM_CONVERSION = YES;
				CLANG_WARN_INT_CONVERSION = YES;
				CLANG_WARN_OBJC_ROOT_CLASS = YES_ERROR;
				CLANG_WARN_UNREACHABLE_CODE = YES;
				CLANG_WARN__DUPLICATE_METHOD_MATCH = YES;
				"CODE_SIGN_IDENTITY[sdk=iphoneos*]" = "iPhone Developer";
				COPY_PHASE_STRIP = NO;
				DEBUG_INFORMATION_FORMAT = "dwarf-with-dsym";
				ENABLE_STRICT_OBJC_MSGSEND = YES;
				GCC_C_LANGUAGE_STANDARD = gnu99;
				GCC_DYNAMIC_NO_PIC = NO;
				GCC_NO_COMMON_BLOCKS = YES;
				GCC_OPTIMIZATION_LEVEL = 0;
				GCC_PREPROCESSOR_DEFINITIONS = (
					"DEBUG=1",
					"$(inherited)",
				);
				GCC_SYMBOLS_PRIVATE_EXTERN = NO;
				GCC_WARN_64_TO_32_BIT_CONVERSION = YES;
				GCC_WARN_ABOUT_RETURN_TYPE = YES_ERROR;
				GCC_WARN_UNDECLARED_SELECTOR = YES;
				GCC_WARN_UNINITIALIZED_AUTOS = YES_AGGRESSIVE;
				GCC_WARN_UNUSED_FUNCTION = YES;
				GCC_WARN_UNUSED_VARIABLE = YES;
				IPHONEOS_DEPLOYMENT_TARGET = 8.3;
				MTL_ENABLE_DEBUG_INFO = YES;
				ONLY_ACTIVE_ARCH = YES;
				SDKROOT = iphoneos;
				SWIFT_OPTIMIZATION_LEVEL = "-Onone";
			};
			name = Debug;
		};
		AA074A181ADDD84B00690D08 /* Release */ = {
			isa = XCBuildConfiguration;
			buildSettings = {
				ALWAYS_SEARCH_USER_PATHS = NO;
				CLANG_CXX_LANGUAGE_STANDARD = "gnu++0x";
				CLANG_CXX_LIBRARY = "libc++";
				CLANG_ENABLE_MODULES = YES;
				CLANG_ENABLE_OBJC_ARC = YES;
				CLANG_WARN_BOOL_CONVERSION = YES;
				CLANG_WARN_CONSTANT_CONVERSION = YES;
				CLANG_WARN_DIRECT_OBJC_ISA_USAGE = YES_ERROR;
				CLANG_WARN_EMPTY_BODY = YES;
				CLANG_WARN_ENUM_CONVERSION = YES;
				CLANG_WARN_INT_CONVERSION = YES;
				CLANG_WARN_OBJC_ROOT_CLASS = YES_ERROR;
				CLANG_WARN_UNREACHABLE_CODE = YES;
				CLANG_WARN__DUPLICATE_METHOD_MATCH = YES;
				"CODE_SIGN_IDENTITY[sdk=iphoneos*]" = "iPhone Developer";
				COPY_PHASE_STRIP = NO;
				DEBUG_INFORMATION_FORMAT = "dwarf-with-dsym";
				ENABLE_NS_ASSERTIONS = NO;
				ENABLE_STRICT_OBJC_MSGSEND = YES;
				GCC_C_LANGUAGE_STANDARD = gnu99;
				GCC_NO_COMMON_BLOCKS = YES;
				GCC_WARN_64_TO_32_BIT_CONVERSION = YES;
				GCC_WARN_ABOUT_RETURN_TYPE = YES_ERROR;
				GCC_WARN_UNDECLARED_SELECTOR = YES;
				GCC_WARN_UNINITIALIZED_AUTOS = YES_AGGRESSIVE;
				GCC_WARN_UNUSED_FUNCTION = YES;
				GCC_WARN_UNUSED_VARIABLE = YES;
				IPHONEOS_DEPLOYMENT_TARGET = 8.3;
				MTL_ENABLE_DEBUG_INFO = NO;
				SDKROOT = iphoneos;
				VALIDATE_PRODUCT = YES;
			};
			name = Release;
		};
		AA074A1A1ADDD84B00690D08 /* Debug */ = {
			isa = XCBuildConfiguration;
			buildSettings = {
				ASSETCATALOG_COMPILER_APPICON_NAME = AppIcon;
				INFOPLIST_FILE = HIIM/Info.plist;
				LD_RUNPATH_SEARCH_PATHS = "$(inherited) @executable_path/Frameworks";
				PRODUCT_NAME = "$(TARGET_NAME)";
				TARGETED_DEVICE_FAMILY = 1;
			};
			name = Debug;
		};
		AA074A1B1ADDD84B00690D08 /* Release */ = {
			isa = XCBuildConfiguration;
			buildSettings = {
				ASSETCATALOG_COMPILER_APPICON_NAME = AppIcon;
				INFOPLIST_FILE = HIIM/Info.plist;
				LD_RUNPATH_SEARCH_PATHS = "$(inherited) @executable_path/Frameworks";
				PRODUCT_NAME = "$(TARGET_NAME)";
				TARGETED_DEVICE_FAMILY = 1;
			};
			name = Release;
		};
		AA074A1D1ADDD84B00690D08 /* Debug */ = {
			isa = XCBuildConfiguration;
			buildSettings = {
				BUNDLE_LOADER = "$(TEST_HOST)";
				FRAMEWORK_SEARCH_PATHS = (
					"$(SDKROOT)/Developer/Library/Frameworks",
					"$(inherited)",
				);
				GCC_PREPROCESSOR_DEFINITIONS = (
					"DEBUG=1",
					"$(inherited)",
				);
				INFOPLIST_FILE = HIIMTests/Info.plist;
				LD_RUNPATH_SEARCH_PATHS = "$(inherited) @executable_path/Frameworks @loader_path/Frameworks";
				PRODUCT_NAME = "$(TARGET_NAME)";
				TEST_HOST = "$(BUILT_PRODUCTS_DIR)/HIIM.app/HIIM";
			};
			name = Debug;
		};
		AA074A1E1ADDD84B00690D08 /* Release */ = {
			isa = XCBuildConfiguration;
			buildSettings = {
				BUNDLE_LOADER = "$(TEST_HOST)";
				FRAMEWORK_SEARCH_PATHS = (
					"$(SDKROOT)/Developer/Library/Frameworks",
					"$(inherited)",
				);
				INFOPLIST_FILE = HIIMTests/Info.plist;
				LD_RUNPATH_SEARCH_PATHS = "$(inherited) @executable_path/Frameworks @loader_path/Frameworks";
				PRODUCT_NAME = "$(TARGET_NAME)";
				TEST_HOST = "$(BUILT_PRODUCTS_DIR)/HIIM.app/HIIM";
			};
			name = Release;
		};
/* End XCBuildConfiguration section */

/* Begin XCConfigurationList section */
		AA0749F51ADDD84B00690D08 /* Build configuration list for PBXProject "HIIM" */ = {
			isa = XCConfigurationList;
			buildConfigurations = (
				AA074A171ADDD84B00690D08 /* Debug */,
				AA074A181ADDD84B00690D08 /* Release */,
			);
			defaultConfigurationIsVisible = 0;
			defaultConfigurationName = Release;
		};
		AA074A191ADDD84B00690D08 /* Build configuration list for PBXNativeTarget "HIIM" */ = {
			isa = XCConfigurationList;
			buildConfigurations = (
				AA074A1A1ADDD84B00690D08 /* Debug */,
				AA074A1B1ADDD84B00690D08 /* Release */,
			);
			defaultConfigurationIsVisible = 0;
		};
		AA074A1C1ADDD84B00690D08 /* Build configuration list for PBXNativeTarget "HIIMTests" */ = {
			isa = XCConfigurationList;
			buildConfigurations = (
				AA074A1D1ADDD84B00690D08 /* Debug */,
				AA074A1E1ADDD84B00690D08 /* Release */,
			);
			defaultConfigurationIsVisible = 0;
		};
/* End XCConfigurationList section */
	};
	rootObject = AA0749F21ADDD84B00690D08 /* Project object */;
}
